
Microsoft Visual Studio Solution File, Format Version 12.00
# Visual Studio Version 17
VisualStudioVersion = 17.10.34916.146
MinimumVisualStudioVersion = 10.0.40219.1
Project("{9A19103F-16F7-4668-BE54-9A1E7A4F7556}") = "XOREnryptDecrypt", "XOREnryptDecrypt\XOREnryptDecrypt.csproj", "{DE1BFC55-CBFF-4F7F-A788-D86559C831D8}"
EndProject
Project("{FAE04EC0-301F-11D3-BF4B-00C04F79EFBC}") = "XOREncryptDecryptTests", "XOREncryptDecryptTests\XOREncryptDecryptTests.csproj", "{23EB38EB-B539-4A1A-8780-BF55883AAD44}"
EndProject
Global
	GlobalSection(SolutionConfigurationPlatforms) = preSolution
		Debug|Any CPU = Debug|Any CPU
		Release|Any CPU = Release|Any CPU
	EndGlobalSection
	GlobalSection(ProjectConfigurationPlatforms) = postSolution
		{DE1BFC55-CBFF-4F7F-A788-D86559C831D8}.Debug|Any CPU.ActiveCfg = Debug|Any CPU
		{DE1BFC55-CBFF-4F7F-A788-D86559C831D8}.Debug|Any CPU.Build.0 = Debug|Any CPU
		{DE1BFC55-CBFF-4F7F-A788-D86559C831D8}.Release|Any CPU.ActiveCfg = Release|Any CPU
		{DE1BFC55-CBFF-4F7F-A788-D86559C831D8}.Release|Any CPU.Build.0 = Release|Any CPU
		{23EB38EB-B539-4A1A-8780-BF55883AAD44}.Debug|Any CPU.ActiveCfg = Debug|Any CPU
		{23EB38EB-B539-4A1A-8780-BF55883AAD44}.Debug|Any CPU.Build.0 = Debug|Any CPU
		{23EB38EB-B539-4A1A-8780-BF55883AAD44}.Release|Any CPU.ActiveCfg = Release|Any CPU
		{23EB38EB-B539-4A1A-8780-BF55883AAD44}.Release|Any CPU.Build.0 = Release|Any CPU
	EndGlobalSection
	GlobalSection(SolutionProperties) = preSolution
		HideSolutionNode = FALSE
	EndGlobalSection
	GlobalSection(ExtensibilityGlobals) = postSolution
		SolutionGuid = {F6CE9762-D606-41B6-B6BB-3B41F7E64F96}
	EndGlobalSection
EndGlobal
